
Microsoft Visual Studio Solution File, Format Version 12.00
# Visual Studio 14
VisualStudioVersion = 14.0.23107.0
MinimumVisualStudioVersion = 10.0.40219.1
Project("{8BC9CEB8-8B4A-11D0-8D11-00A0C91BC942}") = "BountyTracker", "BountyTracker.vcxproj", "{E7008BA7-4F75-4AF7-B25C-3A9A3287A88F}"
EndProject
Global
	GlobalSection(SharedMSBuildProjectFiles) = preSolution
		..\PluginUtilities\PluginUtilities.vcxitems*{e7008ba7-4f75-4af7-b25c-3a9a3287a88f}*SharedItemsImports = 4
	EndGlobalSection
	GlobalSection(SolutionConfigurationPlatforms) = preSolution
		Debug|x86 = Debug|x86
		Release|x86 = Release|x86
	EndGlobalSection
	GlobalSection(ProjectConfigurationPlatforms) = postSolution
		{E7008BA7-4F75-4AF7-B25C-3A9A3287A88F}.Debug|x86.ActiveCfg = Debug|Win32
		{E7008BA7-4F75-4AF7-B25C-3A9A3287A88F}.Debug|x86.Build.0 = Debug|Win32
		{E7008BA7-4F75-4AF7-B25C-3A9A3287A88F}.Release|x86.ActiveCfg = Release|Win32
		{E7008BA7-4F75-4AF7-B25C-3A9A3287A88F}.Release|x86.Build.0 = Release|Win32
	EndGlobalSection
	GlobalSection(SolutionProperties) = preSolution
		HideSolutionNode = FALSE
	EndGlobalSection
EndGlobal
